
Microsoft Visual Studio Solution File, Format Version 12.00
# Visual Studio Version 17
VisualStudioVersion = 17.1.32421.90
MinimumVisualStudioVersion = 10.0.40219.1
Project("{FAE04EC0-301F-11D3-BF4B-00C04F79EFBC}") = "OSDCloudAzure", "OSDCloudAzure.csproj", "{B5BAAB4D-08EF-4867-B260-463133862178}"
EndProject
Global
	GlobalSection(SolutionConfigurationPlatforms) = preSolution
		Debug|Any CPU = Debug|Any CPU
		Release|Any CPU = Release|Any CPU
	EndGlobalSection
	GlobalSection(ProjectConfigurationPlatforms) = postSolution
		{B5BAAB4D-08EF-4867-B260-463133862178}.Debug|Any CPU.ActiveCfg = Debug|Any CPU
		{B5BAAB4D-08EF-4867-B260-463133862178}.Debug|Any CPU.Build.0 = Debug|Any CPU
		{B5BAAB4D-08EF-4867-B260-463133862178}.Release|Any CPU.ActiveCfg = Release|Any CPU
		{B5BAAB4D-08EF-4867-B260-463133862178}.Release|Any CPU.Build.0 = Release|Any CPU
	EndGlobalSection
	GlobalSection(SolutionProperties) = preSolution
		HideSolutionNode = FALSE
	EndGlobalSection
	GlobalSection(ExtensibilityGlobals) = postSolution
		SolutionGuid = {C521AF8D-4341-4E94-93EC-59A729EAD67B}
	EndGlobalSection
EndGlobal
