
Microsoft Visual Studio Solution File, Format Version 12.00
# Visual Studio Version 17
VisualStudioVersion = 17.1.32421.90
MinimumVisualStudioVersion = 10.0.40219.1
Project("{FAE04EC0-301F-11D3-BF4B-00C04F79EFBC}") = "OSDCloudGUI", "OSDCloudGUI.csproj", "{F275551A-12AA-4D69-9CBF-A9712EE3333D}"
EndProject
Global
	GlobalSection(SolutionConfigurationPlatforms) = preSolution
		Debug|Any CPU = Debug|Any CPU
		Release|Any CPU = Release|Any CPU
	EndGlobalSection
	GlobalSection(ProjectConfigurationPlatforms) = postSolution
		{F275551A-12AA-4D69-9CBF-A9712EE3333D}.Debug|Any CPU.ActiveCfg = Debug|Any CPU
		{F275551A-12AA-4D69-9CBF-A9712EE3333D}.Debug|Any CPU.Build.0 = Debug|Any CPU
		{F275551A-12AA-4D69-9CBF-A9712EE3333D}.Release|Any CPU.ActiveCfg = Release|Any CPU
		{F275551A-12AA-4D69-9CBF-A9712EE3333D}.Release|Any CPU.Build.0 = Release|Any CPU
	EndGlobalSection
	GlobalSection(SolutionProperties) = preSolution
		HideSolutionNode = FALSE
	EndGlobalSection
	GlobalSection(ExtensibilityGlobals) = postSolution
		SolutionGuid = {14197265-6527-42F2-A533-7A4559818815}
	EndGlobalSection
EndGlobal
